// !$*UTF8*$!
{
	archiveVersion = 1;
	classes = {
	};
	objectVersion = 50;
	objects = {

/* Begin PBXBuildFile section */
		2902E572C3468D87F9ECA92E /* Pods_POSTJSONTests.framework in Frameworks */ = {isa = PBXBuildFile; fileRef = 0E038407231D48313628477C /* Pods_POSTJSONTests.framework */; };
		5168791D9447624C9DF9DC75 /* Pods_POSTJSONUITests.framework in Frameworks */ = {isa = PBXBuildFile; fileRef = 02002418E7DB4FB3E928F246 /* Pods_POSTJSONUITests.framework */; };
		5B4C719621BE7F11009E0E40 /* AppDelegate.swift in Sources */ = {isa = PBXBuildFile; fileRef = 5B4C719521BE7F11009E0E40 /* AppDelegate.swift */; };
		5B4C719821BE7F11009E0E40 /* ViewController.swift in Sources */ = {isa = PBXBuildFile; fileRef = 5B4C719721BE7F11009E0E40 /* ViewController.swift */; };
		5B4C719B21BE7F11009E0E40 /* Main.storyboard in Resources */ = {isa = PBXBuildFile; fileRef = 5B4C719921BE7F11009E0E40 /* Main.storyboard */; };
		5B4C71A021BE7F21009E0E40 /* Assets.xcassets in Resources */ = {isa = PBXBuildFile; fileRef = 5B4C719F21BE7F21009E0E40 /* Assets.xcassets */; };
		5B4C71A321BE7F21009E0E40 /* LaunchScreen.storyboard in Resources */ = {isa = PBXBuildFile; fileRef = 5B4C71A121BE7F21009E0E40 /* LaunchScreen.storyboard */; };
		5B4C71AE21BE7F22009E0E40 /* POSTJSONTests.swift in Sources */ = {isa = PBXBuildFile; fileRef = 5B4C71AD21BE7F22009E0E40 /* POSTJSONTests.swift */; };
		5B4C71B921BE7F22009E0E40 /* POSTJSONUITests.swift in Sources */ = {isa = PBXBuildFile; fileRef = 5B4C71B821BE7F22009E0E40 /* POSTJSONUITests.swift */; };
		5B4C71C921BE8014009E0E40 /* HttpClient.swift in Sources */ = {isa = PBXBuildFile; fileRef = 5B4C71C621BE8010009E0E40 /* HttpClient.swift */; };
		5B4C71CA21BE8014009E0E40 /* Constants.swift in Sources */ = {isa = PBXBuildFile; fileRef = 5B4C71C721BE8013009E0E40 /* Constants.swift */; };
		5B4C71CB21BE8014009E0E40 /* APIManager.swift in Sources */ = {isa = PBXBuildFile; fileRef = 5B4C71C821BE8014009E0E40 /* APIManager.swift */; };
		B00309DBB6A6920475B567B7 /* Pods_POSTJSON.framework in Frameworks */ = {isa = PBXBuildFile; fileRef = D6B2FCE312B91BF588A0BD2D /* Pods_POSTJSON.framework */; };
/* End PBXBuildFile section */

/* Begin PBXContainerItemProxy section */
		5B4C71AA21BE7F22009E0E40 /* PBXContainerItemProxy */ = {
			isa = PBXContainerItemProxy;
			containerPortal = 5B4C718A21BE7F11009E0E40 /* Project object */;
			proxyType = 1;
			remoteGlobalIDString = 5B4C719121BE7F11009E0E40;
			remoteInfo = POSTJSON;
		};
		5B4C71B521BE7F22009E0E40 /* PBXContainerItemProxy */ = {
			isa = PBXContainerItemProxy;
			containerPortal = 5B4C718A21BE7F11009E0E40 /* Project object */;
			proxyType = 1;
			remoteGlobalIDString = 5B4C719121BE7F11009E0E40;
			remoteInfo = POSTJSON;
		};
/* End PBXContainerItemProxy section */

/* Begin PBXFileReference section */
		02002418E7DB4FB3E928F246 /* Pods_POSTJSONUITests.framework */ = {isa = PBXFileReference; explicitFileType = wrapper.framework; includeInIndex = 0; path = Pods_POSTJSONUITests.framework; sourceTree = BUILT_PRODUCTS_DIR; };
		0E038407231D48313628477C /* Pods_POSTJSONTests.framework */ = {isa = PBXFileReference; explicitFileType = wrapper.framework; includeInIndex = 0; path = Pods_POSTJSONTests.framework; sourceTree = BUILT_PRODUCTS_DIR; };
		1C0CCB81537F5DDE77F2A777 /* Pods-POSTJSONTests.release.xcconfig */ = {isa = PBXFileReference; includeInIndex = 1; lastKnownFileType = text.xcconfig; name = "Pods-POSTJSONTests.release.xcconfig"; path = "Pods/Target Support Files/Pods-POSTJSONTests/Pods-POSTJSONTests.release.xcconfig"; sourceTree = "<group>"; };
		5B4C719221BE7F11009E0E40 /* POSTJSON.app */ = {isa = PBXFileReference; explicitFileType = wrapper.application; includeInIndex = 0; path = POSTJSON.app; sourceTree = BUILT_PRODUCTS_DIR; };
		5B4C719521BE7F11009E0E40 /* AppDelegate.swift */ = {isa = PBXFileReference; lastKnownFileType = sourcecode.swift; path = AppDelegate.swift; sourceTree = "<group>"; };
		5B4C719721BE7F11009E0E40 /* ViewController.swift */ = {isa = PBXFileReference; lastKnownFileType = sourcecode.swift; path = ViewController.swift; sourceTree = "<group>"; };
		5B4C719A21BE7F11009E0E40 /* Base */ = {isa = PBXFileReference; lastKnownFileType = file.storyboard; name = Base; path = Base.lproj/Main.storyboard; sourceTree = "<group>"; };
		5B4C719F21BE7F21009E0E40 /* Assets.xcassets */ = {isa = PBXFileReference; lastKnownFileType = folder.assetcatalog; path = Assets.xcassets; sourceTree = "<group>"; };
		5B4C71A221BE7F21009E0E40 /* Base */ = {isa = PBXFileReference; lastKnownFileType = file.storyboard; name = Base; path = Base.lproj/LaunchScreen.storyboard; sourceTree = "<group>"; };
		5B4C71A421BE7F22009E0E40 /* Info.plist */ = {isa = PBXFileReference; lastKnownFileType = text.plist.xml; path = Info.plist; sourceTree = "<group>"; };
		5B4C71A921BE7F22009E0E40 /* POSTJSONTests.xctest */ = {isa = PBXFileReference; explicitFileType = wrapper.cfbundle; includeInIndex = 0; path = POSTJSONTests.xctest; sourceTree = BUILT_PRODUCTS_DIR; };
		5B4C71AD21BE7F22009E0E40 /* POSTJSONTests.swift */ = {isa = PBXFileReference; lastKnownFileType = sourcecode.swift; path = POSTJSONTests.swift; sourceTree = "<group>"; };
		5B4C71AF21BE7F22009E0E40 /* Info.plist */ = {isa = PBXFileReference; lastKnownFileType = text.plist.xml; path = Info.plist; sourceTree = "<group>"; };
		5B4C71B421BE7F22009E0E40 /* POSTJSONUITests.xctest */ = {isa = PBXFileReference; explicitFileType = wrapper.cfbundle; includeInIndex = 0; path = POSTJSONUITests.xctest; sourceTree = BUILT_PRODUCTS_DIR; };
		5B4C71B821BE7F22009E0E40 /* POSTJSONUITests.swift */ = {isa = PBXFileReference; lastKnownFileType = sourcecode.swift; path = POSTJSONUITests.swift; sourceTree = "<group>"; };
		5B4C71BA21BE7F22009E0E40 /* Info.plist */ = {isa = PBXFileReference; lastKnownFileType = text.plist.xml; path = Info.plist; sourceTree = "<group>"; };
		5B4C71C621BE8010009E0E40 /* HttpClient.swift */ = {isa = PBXFileReference; fileEncoding = 4; lastKnownFileType = sourcecode.swift; path = HttpClient.swift; sourceTree = "<group>"; };
		5B4C71C721BE8013009E0E40 /* Constants.swift */ = {isa = PBXFileReference; fileEncoding = 4; lastKnownFileType = sourcecode.swift; path = Constants.swift; sourceTree = "<group>"; };
		5B4C71C821BE8014009E0E40 /* APIManager.swift */ = {isa = PBXFileReference; fileEncoding = 4; lastKnownFileType = sourcecode.swift; path = APIManager.swift; sourceTree = "<group>"; };
		5C8CAA0E3E99D559963342CD /* Pods-POSTJSONUITests.release.xcconfig */ = {isa = PBXFileReference; includeInIndex = 1; lastKnownFileType = text.xcconfig; name = "Pods-POSTJSONUITests.release.xcconfig"; path = "Pods/Target Support Files/Pods-POSTJSONUITests/Pods-POSTJSONUITests.release.xcconfig"; sourceTree = "<group>"; };
		A85BB7108B39C6A8864273BA /* Pods-POSTJSONUITests.debug.xcconfig */ = {isa = PBXFileReference; includeInIndex = 1; lastKnownFileType = text.xcconfig; name = "Pods-POSTJSONUITests.debug.xcconfig"; path = "Pods/Target Support Files/Pods-POSTJSONUITests/Pods-POSTJSONUITests.debug.xcconfig"; sourceTree = "<group>"; };
		AB0447290969C87B5D2C98A9 /* Pods-POSTJSON.release.xcconfig */ = {isa = PBXFileReference; includeInIndex = 1; lastKnownFileType = text.xcconfig; name = "Pods-POSTJSON.release.xcconfig"; path = "Pods/Target Support Files/Pods-POSTJSON/Pods-POSTJSON.release.xcconfig"; sourceTree = "<group>"; };
		B86F29D513EB0D8B182BE847 /* Pods-POSTJSONTests.debug.xcconfig */ = {isa = PBXFileReference; includeInIndex = 1; lastKnownFileType = text.xcconfig; name = "Pods-POSTJSONTests.debug.xcconfig"; path = "Pods/Target Support Files/Pods-POSTJSONTests/Pods-POSTJSONTests.debug.xcconfig"; sourceTree = "<group>"; };
		D6B2FCE312B91BF588A0BD2D /* Pods_POSTJSON.framework */ = {isa = PBXFileReference; explicitFileType = wrapper.framework; includeInIndex = 0; path = Pods_POSTJSON.framework; sourceTree = BUILT_PRODUCTS_DIR; };
		F57E8BE9AE231D9FCB2BF192 /* Pods-POSTJSON.debug.xcconfig */ = {isa = PBXFileReference; includeInIndex = 1; lastKnownFileType = text.xcconfig; name = "Pods-POSTJSON.debug.xcconfig"; path = "Pods/Target Support Files/Pods-POSTJSON/Pods-POSTJSON.debug.xcconfig"; sourceTree = "<group>"; };
/* End PBXFileReference section */

/* Begin PBXFrameworksBuildPhase section */
		5B4C718F21BE7F11009E0E40 /* Frameworks */ = {
			isa = PBXFrameworksBuildPhase;
			buildActionMask = 2147483647;
			files = (
				B00309DBB6A6920475B567B7 /* Pods_POSTJSON.framework in Frameworks */,
			);
			runOnlyForDeploymentPostprocessing = 0;
		};
		5B4C71A621BE7F22009E0E40 /* Frameworks */ = {
			isa = PBXFrameworksBuildPhase;
			buildActionMask = 2147483647;
			files = (
				2902E572C3468D87F9ECA92E /* Pods_POSTJSONTests.framework in Frameworks */,
			);
			runOnlyForDeploymentPostprocessing = 0;
		};
		5B4C71B121BE7F22009E0E40 /* Frameworks */ = {
			isa = PBXFrameworksBuildPhase;
			buildActionMask = 2147483647;
			files = (
				5168791D9447624C9DF9DC75 /* Pods_POSTJSONUITests.framework in Frameworks */,
			);
			runOnlyForDeploymentPostprocessing = 0;
		};
/* End PBXFrameworksBuildPhase section */

/* Begin PBXGroup section */
		103F5D60A559E294B41CB658 /* Frameworks */ = {
			isa = PBXGroup;
			children = (
				D6B2FCE312B91BF588A0BD2D /* Pods_POSTJSON.framework */,
				0E038407231D48313628477C /* Pods_POSTJSONTests.framework */,
				02002418E7DB4FB3E928F246 /* Pods_POSTJSONUITests.framework */,
			);
			name = Frameworks;
			sourceTree = "<group>";
		};
		2E05E3956F9B68ED67C50889 /* Pods */ = {
			isa = PBXGroup;
			children = (
				F57E8BE9AE231D9FCB2BF192 /* Pods-POSTJSON.debug.xcconfig */,
				AB0447290969C87B5D2C98A9 /* Pods-POSTJSON.release.xcconfig */,
				B86F29D513EB0D8B182BE847 /* Pods-POSTJSONTests.debug.xcconfig */,
				1C0CCB81537F5DDE77F2A777 /* Pods-POSTJSONTests.release.xcconfig */,
				A85BB7108B39C6A8864273BA /* Pods-POSTJSONUITests.debug.xcconfig */,
				5C8CAA0E3E99D559963342CD /* Pods-POSTJSONUITests.release.xcconfig */,
			);
			name = Pods;
			sourceTree = "<group>";
		};
		5B4C718921BE7F11009E0E40 = {
			isa = PBXGroup;
			children = (
				5B4C719421BE7F11009E0E40 /* POSTJSON */,
				5B4C71AC21BE7F22009E0E40 /* POSTJSONTests */,
				5B4C71B721BE7F22009E0E40 /* POSTJSONUITests */,
				5B4C719321BE7F11009E0E40 /* Products */,
				2E05E3956F9B68ED67C50889 /* Pods */,
				103F5D60A559E294B41CB658 /* Frameworks */,
			);
			sourceTree = "<group>";
		};
		5B4C719321BE7F11009E0E40 /* Products */ = {
			isa = PBXGroup;
			children = (
				5B4C719221BE7F11009E0E40 /* POSTJSON.app */,
				5B4C71A921BE7F22009E0E40 /* POSTJSONTests.xctest */,
				5B4C71B421BE7F22009E0E40 /* POSTJSONUITests.xctest */,
			);
			name = Products;
			sourceTree = "<group>";
		};
		5B4C719421BE7F11009E0E40 /* POSTJSON */ = {
			isa = PBXGroup;
			children = (
				5BA3C80421BE884200851EB2 /* Modal */,
				5BA3C80321BE882F00851EB2 /* UI */,
				5BA3C80121BE87A500851EB2 /* Controller */,
				5B4C719521BE7F11009E0E40 /* AppDelegate.swift */,
				5B4C71A421BE7F22009E0E40 /* Info.plist */,
			);
			path = POSTJSON;
			sourceTree = "<group>";
		};
		5B4C71AC21BE7F22009E0E40 /* POSTJSONTests */ = {
			isa = PBXGroup;
			children = (
				5B4C71AD21BE7F22009E0E40 /* POSTJSONTests.swift */,
				5B4C71AF21BE7F22009E0E40 /* Info.plist */,
			);
			path = POSTJSONTests;
			sourceTree = "<group>";
		};
		5B4C71B721BE7F22009E0E40 /* POSTJSONUITests */ = {
			isa = PBXGroup;
			children = (
				5B4C71B821BE7F22009E0E40 /* POSTJSONUITests.swift */,
				5B4C71BA21BE7F22009E0E40 /* Info.plist */,
			);
			path = POSTJSONUITests;
			sourceTree = "<group>";
		};
		5BA3C80121BE87A500851EB2 /* Controller */ = {
			isa = PBXGroup;
			children = (
				5B4C719721BE7F11009E0E40 /* ViewController.swift */,
			);
			path = Controller;
			sourceTree = "<group>";
		};
		5BA3C80321BE882F00851EB2 /* UI */ = {
			isa = PBXGroup;
			children = (
				5B4C719921BE7F11009E0E40 /* Main.storyboard */,
				5B4C71A121BE7F21009E0E40 /* LaunchScreen.storyboard */,
				5B4C719F21BE7F21009E0E40 /* Assets.xcassets */,
			);
			path = UI;
			sourceTree = "<group>";
		};
		5BA3C80421BE884200851EB2 /* Modal */ = {
			isa = PBXGroup;
			children = (
				5B4C71C821BE8014009E0E40 /* APIManager.swift */,
				5B4C71C721BE8013009E0E40 /* Constants.swift */,
				5B4C71C621BE8010009E0E40 /* HttpClient.swift */,
			);
			path = Modal;
			sourceTree = "<group>";
		};
/* End PBXGroup section */

/* Begin PBXNativeTarget section */
		5B4C719121BE7F11009E0E40 /* POSTJSON */ = {
			isa = PBXNativeTarget;
			buildConfigurationList = 5B4C71BD21BE7F22009E0E40 /* Build configuration list for PBXNativeTarget "POSTJSON" */;
			buildPhases = (
				32831D2B2692AC1D99EECFC5 /* [CP] Check Pods Manifest.lock */,
				5B4C718E21BE7F11009E0E40 /* Sources */,
				5B4C718F21BE7F11009E0E40 /* Frameworks */,
				5B4C719021BE7F11009E0E40 /* Resources */,
				8B8BB9325C47B815EA834C4E /* [CP] Embed Pods Frameworks */,
			);
			buildRules = (
			);
			dependencies = (
			);
			name = POSTJSON;
			productName = POSTJSON;
			productReference = 5B4C719221BE7F11009E0E40 /* POSTJSON.app */;
			productType = "com.apple.product-type.application";
		};
		5B4C71A821BE7F22009E0E40 /* POSTJSONTests */ = {
			isa = PBXNativeTarget;
			buildConfigurationList = 5B4C71C021BE7F22009E0E40 /* Build configuration list for PBXNativeTarget "POSTJSONTests" */;
			buildPhases = (
				1B3AB371E36F3C102B53A982 /* [CP] Check Pods Manifest.lock */,
				5B4C71A521BE7F22009E0E40 /* Sources */,
				5B4C71A621BE7F22009E0E40 /* Frameworks */,
				5B4C71A721BE7F22009E0E40 /* Resources */,
			);
			buildRules = (
			);
			dependencies = (
				5B4C71AB21BE7F22009E0E40 /* PBXTargetDependency */,
			);
			name = POSTJSONTests;
			productName = POSTJSONTests;
			productReference = 5B4C71A921BE7F22009E0E40 /* POSTJSONTests.xctest */;
			productType = "com.apple.product-type.bundle.unit-test";
		};
		5B4C71B321BE7F22009E0E40 /* POSTJSONUITests */ = {
			isa = PBXNativeTarget;
			buildConfigurationList = 5B4C71C321BE7F22009E0E40 /* Build configuration list for PBXNativeTarget "POSTJSONUITests" */;
			buildPhases = (
				B61B14D6022F861A2194B499 /* [CP] Check Pods Manifest.lock */,
				5B4C71B021BE7F22009E0E40 /* Sources */,
				5B4C71B121BE7F22009E0E40 /* Frameworks */,
				5B4C71B221BE7F22009E0E40 /* Resources */,
			);
			buildRules = (
			);
			dependencies = (
				5B4C71B621BE7F22009E0E40 /* PBXTargetDependency */,
			);
			name = POSTJSONUITests;
			productName = POSTJSONUITests;
			productReference = 5B4C71B421BE7F22009E0E40 /* POSTJSONUITests.xctest */;
			productType = "com.apple.product-type.bundle.ui-testing";
		};
/* End PBXNativeTarget section */

/* Begin PBXProject section */
		5B4C718A21BE7F11009E0E40 /* Project object */ = {
			isa = PBXProject;
			attributes = {
				LastSwiftUpdateCheck = 1010;
				LastUpgradeCheck = 1010;
				ORGANIZATIONNAME = KireetiSoftSolutions;
				TargetAttributes = {
					5B4C719121BE7F11009E0E40 = {
						CreatedOnToolsVersion = 10.1;
					};
					5B4C71A821BE7F22009E0E40 = {
						CreatedOnToolsVersion = 10.1;
						TestTargetID = 5B4C719121BE7F11009E0E40;
					};
					5B4C71B321BE7F22009E0E40 = {
						CreatedOnToolsVersion = 10.1;
						TestTargetID = 5B4C719121BE7F11009E0E40;
					};
				};
			};
			buildConfigurationList = 5B4C718D21BE7F11009E0E40 /* Build configuration list for PBXProject "POSTJSON" */;
			compatibilityVersion = "Xcode 9.3";
			developmentRegion = en;
			hasScannedForEncodings = 0;
			knownRegions = (
				en,
				Base,
			);
			mainGroup = 5B4C718921BE7F11009E0E40;
			productRefGroup = 5B4C719321BE7F11009E0E40 /* Products */;
			projectDirPath = "";
			projectRoot = "";
			targets = (
				5B4C719121BE7F11009E0E40 /* POSTJSON */,
				5B4C71A821BE7F22009E0E40 /* POSTJSONTests */,
				5B4C71B321BE7F22009E0E40 /* POSTJSONUITests */,
			);
		};
/* End PBXProject section */

/* Begin PBXResourcesBuildPhase section */
		5B4C719021BE7F11009E0E40 /* Resources */ = {
			isa = PBXResourcesBuildPhase;
			buildActionMask = 2147483647;
			files = (
				5B4C71A321BE7F21009E0E40 /* LaunchScreen.storyboard in Resources */,
				5B4C71A021BE7F21009E0E40 /* Assets.xcassets in Resources */,
				5B4C719B21BE7F11009E0E40 /* Main.storyboard in Resources */,
			);
			runOnlyForDeploymentPostprocessing = 0;
		};
		5B4C71A721BE7F22009E0E40 /* Resources */ = {
			isa = PBXResourcesBuildPhase;
			buildActionMask = 2147483647;
			files = (
			);
			runOnlyForDeploymentPostprocessing = 0;
		};
		5B4C71B221BE7F22009E0E40 /* Resources */ = {
			isa = PBXResourcesBuildPhase;
			buildActionMask = 2147483647;
			files = (
			);
			runOnlyForDeploymentPostprocessing = 0;
		};
/* End PBXResourcesBuildPhase section */

/* Begin PBXShellScriptBuildPhase section */
		1B3AB371E36F3C102B53A982 /* [CP] Check Pods Manifest.lock */ = {
			isa = PBXShellScriptBuildPhase;
			buildActionMask = 2147483647;
			files = (
			);
			inputPaths = (
				"${PODS_PODFILE_DIR_PATH}/Podfile.lock",
				"${PODS_ROOT}/Manifest.lock",
			);
			name = "[CP] Check Pods Manifest.lock";
			outputPaths = (
				"$(DERIVED_FILE_DIR)/Pods-POSTJSONTests-checkManifestLockResult.txt",
			);
			runOnlyForDeploymentPostprocessing = 0;
			shellPath = /bin/sh;
			shellScript = "diff \"${PODS_PODFILE_DIR_PATH}/Podfile.lock\" \"${PODS_ROOT}/Manifest.lock\" > /dev/null\nif [ $? != 0 ] ; then\n    # print error to STDERR\n    echo \"error: The sandbox is not in sync with the Podfile.lock. Run 'pod install' or update your CocoaPods installation.\" >&2\n    exit 1\nfi\n# This output is used by Xcode 'outputs' to avoid re-running this script phase.\necho \"SUCCESS\" > \"${SCRIPT_OUTPUT_FILE_0}\"\n";
			showEnvVarsInLog = 0;
		};
		32831D2B2692AC1D99EECFC5 /* [CP] Check Pods Manifest.lock */ = {
			isa = PBXShellScriptBuildPhase;
			buildActionMask = 2147483647;
			files = (
			);
			inputPaths = (
				"${PODS_PODFILE_DIR_PATH}/Podfile.lock",
				"${PODS_ROOT}/Manifest.lock",
			);
			name = "[CP] Check Pods Manifest.lock";
			outputPaths = (
				"$(DERIVED_FILE_DIR)/Pods-POSTJSON-checkManifestLockResult.txt",
			);
			runOnlyForDeploymentPostprocessing = 0;
			shellPath = /bin/sh;
			shellScript = "diff \"${PODS_PODFILE_DIR_PATH}/Podfile.lock\" \"${PODS_ROOT}/Manifest.lock\" > /dev/null\nif [ $? != 0 ] ; then\n    # print error to STDERR\n    echo \"error: The sandbox is not in sync with the Podfile.lock. Run 'pod install' or update your CocoaPods installation.\" >&2\n    exit 1\nfi\n# This output is used by Xcode 'outputs' to avoid re-running this script phase.\necho \"SUCCESS\" > \"${SCRIPT_OUTPUT_FILE_0}\"\n";
			showEnvVarsInLog = 0;
		};
		8B8BB9325C47B815EA834C4E /* [CP] Embed Pods Frameworks */ = {
			isa = PBXShellScriptBuildPhase;
			buildActionMask = 2147483647;
			files = (
			);
			inputPaths = (
				"${SRCROOT}/Pods/Target Support Files/Pods-POSTJSON/Pods-POSTJSON-frameworks.sh",
				"${BUILT_PRODUCTS_DIR}/Alamofire/Alamofire.framework",
			);
			name = "[CP] Embed Pods Frameworks";
			outputPaths = (
				"${TARGET_BUILD_DIR}/${FRAMEWORKS_FOLDER_PATH}/Alamofire.framework",
			);
			runOnlyForDeploymentPostprocessing = 0;
			shellPath = /bin/sh;
			shellScript = "\"${SRCROOT}/Pods/Target Support Files/Pods-POSTJSON/Pods-POSTJSON-frameworks.sh\"\n";
			showEnvVarsInLog = 0;
		};
		B61B14D6022F861A2194B499 /* [CP] Check Pods Manifest.lock */ = {
			isa = PBXShellScriptBuildPhase;
			buildActionMask = 2147483647;
			files = (
			);
			inputPaths = (
				"${PODS_PODFILE_DIR_PATH}/Podfile.lock",
				"${PODS_ROOT}/Manifest.lock",
			);
			name = "[CP] Check Pods Manifest.lock";
			outputPaths = (
				"$(DERIVED_FILE_DIR)/Pods-POSTJSONUITests-checkManifestLockResult.txt",
			);
			runOnlyForDeploymentPostprocessing = 0;
			shellPath = /bin/sh;
			shellScript = "diff \"${PODS_PODFILE_DIR_PATH}/Podfile.lock\" \"${PODS_ROOT}/Manifest.lock\" > /dev/null\nif [ $? != 0 ] ; then\n    # print error to STDERR\n    echo \"error: The sandbox is not in sync with the Podfile.lock. Run 'pod install' or update your CocoaPods installation.\" >&2\n    exit 1\nfi\n# This output is used by Xcode 'outputs' to avoid re-running this script phase.\necho \"SUCCESS\" > \"${SCRIPT_OUTPUT_FILE_0}\"\n";
			showEnvVarsInLog = 0;
		};
/* End PBXShellScriptBuildPhase section */

/* Begin PBXSourcesBuildPhase section */
		5B4C718E21BE7F11009E0E40 /* Sources */ = {
			isa = PBXSourcesBuildPhase;
			buildActionMask = 2147483647;
			files = (
				5B4C71CB21BE8014009E0E40 /* APIManager.swift in Sources */,
				5B4C71CA21BE8014009E0E40 /* Constants.swift in Sources */,
				5B4C719821BE7F11009E0E40 /* ViewController.swift in Sources */,
				5B4C71C921BE8014009E0E40 /* HttpClient.swift in Sources */,
				5B4C719621BE7F11009E0E40 /* AppDelegate.swift in Sources */,
			);
			runOnlyForDeploymentPostprocessing = 0;
		};
		5B4C71A521BE7F22009E0E40 /* Sources */ = {
			isa = PBXSourcesBuildPhase;
			buildActionMask = 2147483647;
			files = (
				5B4C71AE21BE7F22009E0E40 /* POSTJSONTests.swift in Sources */,
			);
			runOnlyForDeploymentPostprocessing = 0;
		};
		5B4C71B021BE7F22009E0E40 /* Sources */ = {
			isa = PBXSourcesBuildPhase;
			buildActionMask = 2147483647;
			files = (
				5B4C71B921BE7F22009E0E40 /* POSTJSONUITests.swift in Sources */,
			);
			runOnlyForDeploymentPostprocessing = 0;
		};
/* End PBXSourcesBuildPhase section */

/* Begin PBXTargetDependency section */
		5B4C71AB21BE7F22009E0E40 /* PBXTargetDependency */ = {
			isa = PBXTargetDependency;
			target = 5B4C719121BE7F11009E0E40 /* POSTJSON */;
			targetProxy = 5B4C71AA21BE7F22009E0E40 /* PBXContainerItemProxy */;
		};
		5B4C71B621BE7F22009E0E40 /* PBXTargetDependency */ = {
			isa = PBXTargetDependency;
			target = 5B4C719121BE7F11009E0E40 /* POSTJSON */;
			targetProxy = 5B4C71B521BE7F22009E0E40 /* PBXContainerItemProxy */;
		};
/* End PBXTargetDependency section */

/* Begin PBXVariantGroup section */
		5B4C719921BE7F11009E0E40 /* Main.storyboard */ = {
			isa = PBXVariantGroup;
			children = (
				5B4C719A21BE7F11009E0E40 /* Base */,
			);
			name = Main.storyboard;
			sourceTree = "<group>";
		};
		5B4C71A121BE7F21009E0E40 /* LaunchScreen.storyboard */ = {
			isa = PBXVariantGroup;
			children = (
				5B4C71A221BE7F21009E0E40 /* Base */,
			);
			name = LaunchScreen.storyboard;
			sourceTree = "<group>";
		};
/* End PBXVariantGroup section */

/* Begin XCBuildConfiguration section */
		5B4C71BB21BE7F22009E0E40 /* Debug */ = {
			isa = XCBuildConfiguration;
			buildSettings = {
				ALWAYS_SEARCH_USER_PATHS = NO;
				CLANG_ANALYZER_NONNULL = YES;
				CLANG_ANALYZER_NUMBER_OBJECT_CONVERSION = YES_AGGRESSIVE;
				CLANG_CXX_LANGUAGE_STANDARD = "gnu++14";
				CLANG_CXX_LIBRARY = "libc++";
				CLANG_ENABLE_MODULES = YES;
				CLANG_ENABLE_OBJC_ARC = YES;
				CLANG_ENABLE_OBJC_WEAK = YES;
				CLANG_WARN_BLOCK_CAPTURE_AUTORELEASING = YES;
				CLANG_WARN_BOOL_CONVERSION = YES;
				CLANG_WARN_COMMA = YES;
				CLANG_WARN_CONSTANT_CONVERSION = YES;
				CLANG_WARN_DEPRECATED_OBJC_IMPLEMENTATIONS = YES;
				CLANG_WARN_DIRECT_OBJC_ISA_USAGE = YES_ERROR;
				CLANG_WARN_DOCUMENTATION_COMMENTS = YES;
				CLANG_WARN_EMPTY_BODY = YES;
				CLANG_WARN_ENUM_CONVERSION = YES;
				CLANG_WARN_INFINITE_RECURSION = YES;
				CLANG_WARN_INT_CONVERSION = YES;
				CLANG_WARN_NON_LITERAL_NULL_CONVERSION = YES;
				CLANG_WARN_OBJC_IMPLICIT_RETAIN_SELF = YES;
				CLANG_WARN_OBJC_LITERAL_CONVERSION = YES;
				CLANG_WARN_OBJC_ROOT_CLASS = YES_ERROR;
				CLANG_WARN_RANGE_LOOP_ANALYSIS = YES;
				CLANG_WARN_STRICT_PROTOTYPES = YES;
				CLANG_WARN_SUSPICIOUS_MOVE = YES;
				CLANG_WARN_UNGUARDED_AVAILABILITY = YES_AGGRESSIVE;
				CLANG_WARN_UNREACHABLE_CODE = YES;
				CLANG_WARN__DUPLICATE_METHOD_MATCH = YES;
				CODE_SIGN_IDENTITY = "iPhone Developer";
				COPY_PHASE_STRIP = NO;
				DEBUG_INFORMATION_FORMAT = dwarf;
				ENABLE_STRICT_OBJC_MSGSEND = YES;
				ENABLE_TESTABILITY = YES;
				GCC_C_LANGUAGE_STANDARD = gnu11;
				GCC_DYNAMIC_NO_PIC = NO;
				GCC_NO_COMMON_BLOCKS = YES;
				GCC_OPTIMIZATION_LEVEL = 0;
				GCC_PREPROCESSOR_DEFINITIONS = (
					"DEBUG=1",
					"$(inherited)",
				);
				GCC_WARN_64_TO_32_BIT_CONVERSION = YES;
				GCC_WARN_ABOUT_RETURN_TYPE = YES_ERROR;
				GCC_WARN_UNDECLARED_SELECTOR = YES;
				GCC_WARN_UNINITIALIZED_AUTOS = YES_AGGRESSIVE;
				GCC_WARN_UNUSED_FUNCTION = YES;
				GCC_WARN_UNUSED_VARIABLE = YES;
				IPHONEOS_DEPLOYMENT_TARGET = 12.1;
				MTL_ENABLE_DEBUG_INFO = INCLUDE_SOURCE;
				MTL_FAST_MATH = YES;
				ONLY_ACTIVE_ARCH = YES;
				SDKROOT = iphoneos;
				SWIFT_ACTIVE_COMPILATION_CONDITIONS = DEBUG;
				SWIFT_OPTIMIZATION_LEVEL = "-Onone";
			};
			name = Debug;
		};
		5B4C71BC21BE7F22009E0E40 /* Release */ = {
			isa = XCBuildConfiguration;
			buildSettings = {
				ALWAYS_SEARCH_USER_PATHS = NO;
				CLANG_ANALYZER_NONNULL = YES;
				CLANG_ANALYZER_NUMBER_OBJECT_CONVERSION = YES_AGGRESSIVE;
				CLANG_CXX_LANGUAGE_STANDARD = "gnu++14";
				CLANG_CXX_LIBRARY = "libc++";
				CLANG_ENABLE_MODULES = YES;
				CLANG_ENABLE_OBJC_ARC = YES;
				CLANG_ENABLE_OBJC_WEAK = YES;
				CLANG_WARN_BLOCK_CAPTURE_AUTORELEASING = YES;
				CLANG_WARN_BOOL_CONVERSION = YES;
				CLANG_WARN_COMMA = YES;
				CLANG_WARN_CONSTANT_CONVERSION = YES;
				CLANG_WARN_DEPRECATED_OBJC_IMPLEMENTATIONS = YES;
				CLANG_WARN_DIRECT_OBJC_ISA_USAGE = YES_ERROR;
				CLANG_WARN_DOCUMENTATION_COMMENTS = YES;
				CLANG_WARN_EMPTY_BODY = YES;
				CLANG_WARN_ENUM_CONVERSION = YES;
				CLANG_WARN_INFINITE_RECURSION = YES;
				CLANG_WARN_INT_CONVERSION = YES;
				CLANG_WARN_NON_LITERAL_NULL_CONVERSION = YES;
				CLANG_WARN_OBJC_IMPLICIT_RETAIN_SELF = YES;
				CLANG_WARN_OBJC_LITERAL_CONVERSION = YES;
				CLANG_WARN_OBJC_ROOT_CLASS = YES_ERROR;
				CLANG_WARN_RANGE_LOOP_ANALYSIS = YES;
				CLANG_WARN_STRICT_PROTOTYPES = YES;
				CLANG_WARN_SUSPICIOUS_MOVE = YES;
				CLANG_WARN_UNGUARDED_AVAILABILITY = YES_AGGRESSIVE;
				CLANG_WARN_UNREACHABLE_CODE = YES;
				CLANG_WARN__DUPLICATE_METHOD_MATCH = YES;
				CODE_SIGN_IDENTITY = "iPhone Developer";
				COPY_PHASE_STRIP = NO;
				DEBUG_INFORMATION_FORMAT = "dwarf-with-dsym";
				ENABLE_NS_ASSERTIONS = NO;
				ENABLE_STRICT_OBJC_MSGSEND = YES;
				GCC_C_LANGUAGE_STANDARD = gnu11;
				GCC_NO_COMMON_BLOCKS = YES;
				GCC_WARN_64_TO_32_BIT_CONVERSION = YES;
				GCC_WARN_ABOUT_RETURN_TYPE = YES_ERROR;
				GCC_WARN_UNDECLARED_SELECTOR = YES;
				GCC_WARN_UNINITIALIZED_AUTOS = YES_AGGRESSIVE;
				GCC_WARN_UNUSED_FUNCTION = YES;
				GCC_WARN_UNUSED_VARIABLE = YES;
				IPHONEOS_DEPLOYMENT_TARGET = 12.1;
				MTL_ENABLE_DEBUG_INFO = NO;
				MTL_FAST_MATH = YES;
				SDKROOT = iphoneos;
				SWIFT_COMPILATION_MODE = wholemodule;
				SWIFT_OPTIMIZATION_LEVEL = "-O";
				VALIDATE_PRODUCT = YES;
			};
			name = Release;
		};
		5B4C71BE21BE7F22009E0E40 /* Debug */ = {
			isa = XCBuildConfiguration;
			baseConfigurationReference = F57E8BE9AE231D9FCB2BF192 /* Pods-POSTJSON.debug.xcconfig */;
			buildSettings = {
				ASSETCATALOG_COMPILER_APPICON_NAME = AppIcon;
				CODE_SIGN_STYLE = Automatic;
				INFOPLIST_FILE = POSTJSON/Info.plist;
				LD_RUNPATH_SEARCH_PATHS = (
					"$(inherited)",
					"@executable_path/Frameworks",
				);
				PRODUCT_BUNDLE_IDENTIFIER = Kireeti.POSTJSON;
				PRODUCT_NAME = "$(TARGET_NAME)";
				SWIFT_VERSION = 4.2;
				TARGETED_DEVICE_FAMILY = "1,2";
			};
			name = Debug;
		};
		5B4C71BF21BE7F22009E0E40 /* Release */ = {
			isa = XCBuildConfiguration;
			baseConfigurationReference = AB0447290969C87B5D2C98A9 /* Pods-POSTJSON.release.xcconfig */;
			buildSettings = {
				ASSETCATALOG_COMPILER_APPICON_NAME = AppIcon;
				CODE_SIGN_STYLE = Automatic;
				INFOPLIST_FILE = POSTJSON/Info.plist;
				LD_RUNPATH_SEARCH_PATHS = (
					"$(inherited)",
					"@executable_path/Frameworks",
				);
				PRODUCT_BUNDLE_IDENTIFIER = Kireeti.POSTJSON;
				PRODUCT_NAME = "$(TARGET_NAME)";
				SWIFT_VERSION = 4.2;
				TARGETED_DEVICE_FAMILY = "1,2";
			};
			name = Release;
		};
		5B4C71C121BE7F22009E0E40 /* Debug */ = {
			isa = XCBuildConfiguration;
			baseConfigurationReference = B86F29D513EB0D8B182BE847 /* Pods-POSTJSONTests.debug.xcconfig */;
			buildSettings = {
				ALWAYS_EMBED_SWIFT_STANDARD_LIBRARIES = YES;
				BUNDLE_LOADER = "$(TEST_HOST)";
				CODE_SIGN_STYLE = Automatic;
				INFOPLIST_FILE = POSTJSONTests/Info.plist;
				LD_RUNPATH_SEARCH_PATHS = (
					"$(inherited)",
					"@executable_path/Frameworks",
					"@loader_path/Frameworks",
				);
				PRODUCT_BUNDLE_IDENTIFIER = Kireeti.POSTJSONTests;
				PRODUCT_NAME = "$(TARGET_NAME)";
				SWIFT_VERSION = 4.2;
				TARGETED_DEVICE_FAMILY = "1,2";
				TEST_HOST = "$(BUILT_PRODUCTS_DIR)/POSTJSON.app/POSTJSON";
			};
			name = Debug;
		};
		5B4C71C221BE7F22009E0E40 /* Release */ = {
			isa = XCBuildConfiguration;
			baseConfigurationReference = 1C0CCB81537F5DDE77F2A777 /* Pods-POSTJSONTests.release.xcconfig */;
			buildSettings = {
				ALWAYS_EMBED_SWIFT_STANDARD_LIBRARIES = YES;
				BUNDLE_LOADER = "$(TEST_HOST)";
				CODE_SIGN_STYLE = Automatic;
				INFOPLIST_FILE = POSTJSONTests/Info.plist;
				LD_RUNPATH_SEARCH_PATHS = (
					"$(inherited)",
					"@executable_path/Frameworks",
					"@loader_path/Frameworks",
				);
				PRODUCT_BUNDLE_IDENTIFIER = Kireeti.POSTJSONTests;
				PRODUCT_NAME = "$(TARGET_NAME)";
				SWIFT_VERSION = 4.2;
				TARGETED_DEVICE_FAMILY = "1,2";
				TEST_HOST = "$(BUILT_PRODUCTS_DIR)/POSTJSON.app/POSTJSON";
			};
			name = Release;
		};
		5B4C71C421BE7F22009E0E40 /* Debug */ = {
			isa = XCBuildConfiguration;
			baseConfigurationReference = A85BB7108B39C6A8864273BA /* Pods-POSTJSONUITests.debug.xcconfig */;
			buildSettings = {
				ALWAYS_EMBED_SWIFT_STANDARD_LIBRARIES = YES;
				CODE_SIGN_STYLE = Automatic;
				INFOPLIST_FILE = POSTJSONUITests/Info.plist;
				LD_RUNPATH_SEARCH_PATHS = (
					"$(inherited)",
					"@executable_path/Frameworks",
					"@loader_path/Frameworks",
				);
				PRODUCT_BUNDLE_IDENTIFIER = Kireeti.POSTJSONUITests;
				PRODUCT_NAME = "$(TARGET_NAME)";
				SWIFT_VERSION = 4.2;
				TARGETED_DEVICE_FAMILY = "1,2";
				TEST_TARGET_NAME = POSTJSON;
			};
			name = Debug;
		};
		5B4C71C521BE7F22009E0E40 /* Release */ = {
			isa = XCBuildConfiguration;
			baseConfigurationReference = 5C8CAA0E3E99D559963342CD /* Pods-POSTJSONUITests.release.xcconfig */;
			buildSettings = {
				ALWAYS_EMBED_SWIFT_STANDARD_LIBRARIES = YES;
				CODE_SIGN_STYLE = Automatic;
				INFOPLIST_FILE = POSTJSONUITests/Info.plist;
				LD_RUNPATH_SEARCH_PATHS = (
					"$(inherited)",
					"@executable_path/Frameworks",
					"@loader_path/Frameworks",
				);
				PRODUCT_BUNDLE_IDENTIFIER = Kireeti.POSTJSONUITests;
				PRODUCT_NAME = "$(TARGET_NAME)";
				SWIFT_VERSION = 4.2;
				TARGETED_DEVICE_FAMILY = "1,2";
				TEST_TARGET_NAME = POSTJSON;
			};
			name = Release;
		};
/* End XCBuildConfiguration section */

/* Begin XCConfigurationList section */
		5B4C718D21BE7F11009E0E40 /* Build configuration list for PBXProject "POSTJSON" */ = {
			isa = XCConfigurationList;
			buildConfigurations = (
				5B4C71BB21BE7F22009E0E40 /* Debug */,
				5B4C71BC21BE7F22009E0E40 /* Release */,
			);
			defaultConfigurationIsVisible = 0;
			defaultConfigurationName = Release;
		};
		5B4C71BD21BE7F22009E0E40 /* Build configuration list for PBXNativeTarget "POSTJSON" */ = {
			isa = XCConfigurationList;
			buildConfigurations = (
				5B4C71BE21BE7F22009E0E40 /* Debug */,
				5B4C71BF21BE7F22009E0E40 /* Release */,
			);
			defaultConfigurationIsVisible = 0;
			defaultConfigurationName = Release;
		};
		5B4C71C021BE7F22009E0E40 /* Build configuration list for PBXNativeTarget "POSTJSONTests" */ = {
			isa = XCConfigurationList;
			buildConfigurations = (
				5B4C71C121BE7F22009E0E40 /* Debug */,
				5B4C71C221BE7F22009E0E40 /* Release */,
			);
			defaultConfigurationIsVisible = 0;
			defaultConfigurationName = Release;
		};
		5B4C71C321BE7F22009E0E40 /* Build configuration list for PBXNativeTarget "POSTJSONUITests" */ = {
			isa = XCConfigurationList;
			buildConfigurations = (
				5B4C71C421BE7F22009E0E40 /* Debug */,
				5B4C71C521BE7F22009E0E40 /* Release */,
			);
			defaultConfigurationIsVisible = 0;
			defaultConfigurationName = Release;
		};
/* End XCConfigurationList section */
	};
	rootObject = 5B4C718A21BE7F11009E0E40 /* Project object */;
}
